
Microsoft Visual Studio Solution File, Format Version 12.00
# Visual Studio Version 17
VisualStudioVersion = 17.5.002.0
MinimumVisualStudioVersion = 10.0.40219.1
Project("{9A19103F-16F7-4668-BE54-9A1E7A4F7556}") = "album-api", "album-api\album-api.csproj", "{D8A344AA-95C8-4356-966E-28E4FDEEB563}"
EndProject
Global
	GlobalSection(SolutionConfigurationPlatforms) = preSolution
		Debug|Any CPU = Debug|Any CPU
		Release|Any CPU = Release|Any CPU
	EndGlobalSection
	GlobalSection(ProjectConfigurationPlatforms) = postSolution
		{D8A344AA-95C8-4356-966E-28E4FDEEB563}.Debug|Any CPU.ActiveCfg = Debug|Any CPU
		{D8A344AA-95C8-4356-966E-28E4FDEEB563}.Debug|Any CPU.Build.0 = Debug|Any CPU
		{D8A344AA-95C8-4356-966E-28E4FDEEB563}.Release|Any CPU.ActiveCfg = Release|Any CPU
		{D8A344AA-95C8-4356-966E-28E4FDEEB563}.Release|Any CPU.Build.0 = Release|Any CPU
	EndGlobalSection
	GlobalSection(SolutionProperties) = preSolution
		HideSolutionNode = FALSE
	EndGlobalSection
	GlobalSection(ExtensibilityGlobals) = postSolution
		SolutionGuid = {6073289E-F77D-4404-826F-CE56F81CB0EE}
	EndGlobalSection
EndGlobal
